Microsoft Visual Studio Solution File, Format Version 12.00
# Visual Studio Version 17
VisualStudioVersion = 17.5.2.0
MinimumVisualStudioVersion = 10.0.40219.1
Project("{FAE04EC0-301F-11D3-BF4B-00C04F79EFBC}") = "StudentCrudApp", "StudentCrudApp.csproj", "{F00D2A56-3097-F8EA-C3A1-9D436B80EEC0}"
EndProject
Global
	GlobalSection(SolutionConfigurationPlatforms) = preSolution
		Debug|Any CPU = Debug|Any CPU
		Release|Any CPU = Release|Any CPU
	EndGlobalSection
	GlobalSection(ProjectConfigurationPlatforms) = postSolution
		{F00D2A56-3097-F8EA-C3A1-9D436B80EEC0}.Debug|Any CPU.ActiveCfg = Debug|Any CPU
		{F00D2A56-3097-F8EA-C3A1-9D436B80EEC0}.Debug|Any CPU.Build.0 = Debug|Any CPU
		{F00D2A56-3097-F8EA-C3A1-9D436B80EEC0}.Release|Any CPU.ActiveCfg = Release|Any CPU
		{F00D2A56-3097-F8EA-C3A1-9D436B80EEC0}.Release|Any CPU.Build.0 = Release|Any CPU
	EndGlobalSection
	GlobalSection(SolutionProperties) = preSolution
		HideSolutionNode = FALSE
	EndGlobalSection
	GlobalSection(ExtensibilityGlobals) = postSolution
		SolutionGuid = {7F0869E9-0FAB-469A-8E93-33D0F7C3C641}
	EndGlobalSection
EndGlobal
