Microsoft Visual Studio Solution File, Format Version 12.00
# Visual Studio Version 17
VisualStudioVersion = 17.5.2.0
MinimumVisualStudioVersion = 10.0.40219.1
Project("{FAE04EC0-301F-11D3-BF4B-00C04F79EFBC}") = "HelloMVC", "HelloMVC\HelloMVC.csproj", "{74EECB9C-E210-1208-FD87-8BF1C6E5AC5C}"
EndProject
Global
	GlobalSection(SolutionConfigurationPlatforms) = preSolution
		Debug|Any CPU = Debug|Any CPU
		Release|Any CPU = Release|Any CPU
	EndGlobalSection
	GlobalSection(ProjectConfigurationPlatforms) = postSolution
		{74EECB9C-E210-1208-FD87-8BF1C6E5AC5C}.Debug|Any CPU.ActiveCfg = Debug|Any CPU
		{74EECB9C-E210-1208-FD87-8BF1C6E5AC5C}.Debug|Any CPU.Build.0 = Debug|Any CPU
		{74EECB9C-E210-1208-FD87-8BF1C6E5AC5C}.Release|Any CPU.ActiveCfg = Release|Any CPU
		{74EECB9C-E210-1208-FD87-8BF1C6E5AC5C}.Release|Any CPU.Build.0 = Release|Any CPU
	EndGlobalSection
	GlobalSection(SolutionProperties) = preSolution
		HideSolutionNode = FALSE
	EndGlobalSection
	GlobalSection(ExtensibilityGlobals) = postSolution
		SolutionGuid = {250C097B-630E-411F-919B-CC7EB5A08B42}
	EndGlobalSection
EndGlobal
