Microsoft Visual Studio Solution File, Format Version 12.00
# Visual Studio Version 17
VisualStudioVersion = 17.5.2.0
MinimumVisualStudioVersion = 10.0.40219.1
Project("{FAE04EC0-301F-11D3-BF4B-00C04F79EFBC}") = "AsynchronousProgramming", "AsynchronousProgramming\AsynchronousProgramming.csproj", "{111AD2E8-03CE-7671-C2EB-CD3D52DA2C0C}"
EndProject
Global
	GlobalSection(SolutionConfigurationPlatforms) = preSolution
		Debug|Any CPU = Debug|Any CPU
		Release|Any CPU = Release|Any CPU
	EndGlobalSection
	GlobalSection(ProjectConfigurationPlatforms) = postSolution
		{111AD2E8-03CE-7671-C2EB-CD3D52DA2C0C}.Debug|Any CPU.ActiveCfg = Debug|Any CPU
		{111AD2E8-03CE-7671-C2EB-CD3D52DA2C0C}.Debug|Any CPU.Build.0 = Debug|Any CPU
		{111AD2E8-03CE-7671-C2EB-CD3D52DA2C0C}.Release|Any CPU.ActiveCfg = Release|Any CPU
		{111AD2E8-03CE-7671-C2EB-CD3D52DA2C0C}.Release|Any CPU.Build.0 = Release|Any CPU
	EndGlobalSection
	GlobalSection(SolutionProperties) = preSolution
		HideSolutionNode = FALSE
	EndGlobalSection
	GlobalSection(ExtensibilityGlobals) = postSolution
		SolutionGuid = {3687DECF-7B9F-4655-B744-CD6AE1C84F2C}
	EndGlobalSection
EndGlobal
