Microsoft Visual Studio Solution File, Format Version 12.00
# Visual Studio Version 17
VisualStudioVersion = 17.5.2.0
MinimumVisualStudioVersion = 10.0.40219.1
Project("{FAE04EC0-301F-11D3-BF4B-00C04F79EFBC}") = "DataValidation", "DataValidation.csproj", "{EB45F80A-DE82-FB88-D35B-AF8E74371A73}"
EndProject
Global
	GlobalSection(SolutionConfigurationPlatforms) = preSolution
		Debug|Any CPU = Debug|Any CPU
		Release|Any CPU = Release|Any CPU
	EndGlobalSection
	GlobalSection(ProjectConfigurationPlatforms) = postSolution
		{EB45F80A-DE82-FB88-D35B-AF8E74371A73}.Debug|Any CPU.ActiveCfg = Debug|Any CPU
		{EB45F80A-DE82-FB88-D35B-AF8E74371A73}.Debug|Any CPU.Build.0 = Debug|Any CPU
		{EB45F80A-DE82-FB88-D35B-AF8E74371A73}.Release|Any CPU.ActiveCfg = Release|Any CPU
		{EB45F80A-DE82-FB88-D35B-AF8E74371A73}.Release|Any CPU.Build.0 = Release|Any CPU
	EndGlobalSection
	GlobalSection(SolutionProperties) = preSolution
		HideSolutionNode = FALSE
	EndGlobalSection
	GlobalSection(ExtensibilityGlobals) = postSolution
		SolutionGuid = {23220F43-01E8-40C0-99DB-D4B994509672}
	EndGlobalSection
EndGlobal
